// !$*UTF8*$!
{
	archiveVersion = 1;
	classes = {
	};
	objectVersion = 46;
	objects = {

/* Begin PBXBuildFile section */
		377339401E5C713200426E14 /* MainContainer.swift in Sources */ = {isa = PBXBuildFile; fileRef = 3773393F1E5C713200426E14 /* MainContainer.swift */; };
		379970AF1E5AF6BE0086B3D9 /* AppDelegate.swift in Sources */ = {isa = PBXBuildFile; fileRef = 379970AE1E5AF6BE0086B3D9 /* AppDelegate.swift */; };
		379970B11E5AF6BE0086B3D9 /* ViewController.swift in Sources */ = {isa = PBXBuildFile; fileRef = 379970B01E5AF6BE0086B3D9 /* ViewController.swift */; };
		379970B31E5AF6BE0086B3D9 /* Assets.xcassets in Resources */ = {isa = PBXBuildFile; fileRef = 379970B21E5AF6BE0086B3D9 /* Assets.xcassets */; };
		379970B61E5AF6BE0086B3D9 /* Main.storyboard in Resources */ = {isa = PBXBuildFile; fileRef = 379970B41E5AF6BE0086B3D9 /* Main.storyboard */; };
		379970C11E5AF6BE0086B3D9 /* AutoWikiBrowserTests.swift in Sources */ = {isa = PBXBuildFile; fileRef = 379970C01E5AF6BE0086B3D9 /* AutoWikiBrowserTests.swift */; };
		379970CC1E5AF6BE0086B3D9 /* AutoWikiBrowserUITests.swift in Sources */ = {isa = PBXBuildFile; fileRef = 379970CB1E5AF6BE0086B3D9 /* AutoWikiBrowserUITests.swift */; };
		379970DC1E5B53060086B3D9 /* MainWindowController.swift in Sources */ = {isa = PBXBuildFile; fileRef = 379970DB1E5B53060086B3D9 /* MainWindowController.swift */; };
		379970DE1E5B60280086B3D9 /* MWWebView.swift in Sources */ = {isa = PBXBuildFile; fileRef = 379970DD1E5B60280086B3D9 /* MWWebView.swift */; };
		37D542FD1E5D564D002218A1 /* MainContainer.storyboard in Resources */ = {isa = PBXBuildFile; fileRef = 37D542FC1E5D564D002218A1 /* MainContainer.storyboard */; };
		37D543551E5DACDE002218A1 /* iWiki.framework in Frameworks */ = {isa = PBXBuildFile; fileRef = 37D543431E5DA800002218A1 /* iWiki.framework */; };
		37D543561E5DACDE002218A1 /* iWiki.framework in Embed Frameworks */ = {isa = PBXBuildFile; fileRef = 37D543431E5DA800002218A1 /* iWiki.framework */; settings = {ATTRIBUTES = (CodeSignOnCopy, RemoveHeadersOnCopy, ); }; };
/* End PBXBuildFile section */

/* Begin PBXContainerItemProxy section */
		379970BD1E5AF6BE0086B3D9 /* PBXContainerItemProxy */ = {
			isa = PBXContainerItemProxy;
			containerPortal = 379970A31E5AF6BE0086B3D9 /* Project object */;
			proxyType = 1;
			remoteGlobalIDString = 379970AA1E5AF6BE0086B3D9;
			remoteInfo = AutoWikiBrowser;
		};
		379970C81E5AF6BE0086B3D9 /* PBXContainerItemProxy */ = {
			isa = PBXContainerItemProxy;
			containerPortal = 379970A31E5AF6BE0086B3D9 /* Project object */;
			proxyType = 1;
			remoteGlobalIDString = 379970AA1E5AF6BE0086B3D9;
			remoteInfo = AutoWikiBrowser;
		};
		37D543421E5DA800002218A1 /* PBXContainerItemProxy */ = {
			isa = PBXContainerItemProxy;
			containerPortal = 37D5433D1E5DA7FF002218A1 /* iWiki.xcodeproj */;
			proxyType = 2;
			remoteGlobalIDString = 37D543231E5DA7FF002218A1;
			remoteInfo = iWiki;
		};
		37D543441E5DA800002218A1 /* PBXContainerItemProxy */ = {
			isa = PBXContainerItemProxy;
			containerPortal = 37D5433D1E5DA7FF002218A1 /* iWiki.xcodeproj */;
			proxyType = 2;
			remoteGlobalIDString = 37D5432C1E5DA7FF002218A1;
			remoteInfo = iWikiTests;
		};
		37D543571E5DACDE002218A1 /* PBXContainerItemProxy */ = {
			isa = PBXContainerItemProxy;
			containerPortal = 37D5433D1E5DA7FF002218A1 /* iWiki.xcodeproj */;
			proxyType = 1;
			remoteGlobalIDString = 37D543221E5DA7FF002218A1;
			remoteInfo = iWiki;
		};
/* End PBXContainerItemProxy section */

/* Begin PBXCopyFilesBuildPhase section */
		37D543591E5DACDE002218A1 /* Embed Frameworks */ = {
			isa = PBXCopyFilesBuildPhase;
			buildActionMask = 2147483647;
			dstPath = "";
			dstSubfolderSpec = 10;
			files = (
				37D543561E5DACDE002218A1 /* iWiki.framework in Embed Frameworks */,
			);
			name = "Embed Frameworks";
			runOnlyForDeploymentPostprocessing = 0;
		};
/* End PBXCopyFilesBuildPhase section */

/* Begin PBXFileReference section */
		3773393F1E5C713200426E14 /* MainContainer.swift */ = {isa = PBXFileReference; fileEncoding = 4; lastKnownFileType = sourcecode.swift; path = MainContainer.swift; sourceTree = "<group>"; };
		379970AB1E5AF6BE0086B3D9 /* AutoWikiBrowser.app */ = {isa = PBXFileReference; explicitFileType = wrapper.application; includeInIndex = 0; path = AutoWikiBrowser.app; sourceTree = BUILT_PRODUCTS_DIR; };
		379970AE1E5AF6BE0086B3D9 /* AppDelegate.swift */ = {isa = PBXFileReference; lastKnownFileType = sourcecode.swift; path = AppDelegate.swift; sourceTree = "<group>"; };
		379970B01E5AF6BE0086B3D9 /* ViewController.swift */ = {isa = PBXFileReference; lastKnownFileType = sourcecode.swift; path = ViewController.swift; sourceTree = "<group>"; };
		379970B21E5AF6BE0086B3D9 /* Assets.xcassets */ = {isa = PBXFileReference; lastKnownFileType = folder.assetcatalog; path = Assets.xcassets; sourceTree = "<group>"; };
		379970B51E5AF6BE0086B3D9 /* Base */ = {isa = PBXFileReference; lastKnownFileType = file.storyboard; name = Base; path = Base.lproj/Main.storyboard; sourceTree = "<group>"; };
		379970B71E5AF6BE0086B3D9 /* Info.plist */ = {isa = PBXFileReference; lastKnownFileType = text.plist.xml; path = Info.plist; sourceTree = "<group>"; };
		379970BC1E5AF6BE0086B3D9 /* AutoWikiBrowserTests.xctest */ = {isa = PBXFileReference; explicitFileType = wrapper.cfbundle; includeInIndex = 0; path = AutoWikiBrowserTests.xctest; sourceTree = BUILT_PRODUCTS_DIR; };
		379970C01E5AF6BE0086B3D9 /* AutoWikiBrowserTests.swift */ = {isa = PBXFileReference; lastKnownFileType = sourcecode.swift; path = AutoWikiBrowserTests.swift; sourceTree = "<group>"; };
		379970C21E5AF6BE0086B3D9 /* Info.plist */ = {isa = PBXFileReference; lastKnownFileType = text.plist.xml; path = Info.plist; sourceTree = "<group>"; };
		379970C71E5AF6BE0086B3D9 /* AutoWikiBrowserUITests.xctest */ = {isa = PBXFileReference; explicitFileType = wrapper.cfbundle; includeInIndex = 0; path = AutoWikiBrowserUITests.xctest; sourceTree = BUILT_PRODUCTS_DIR; };
		379970CB1E5AF6BE0086B3D9 /* AutoWikiBrowserUITests.swift */ = {isa = PBXFileReference; lastKnownFileType = sourcecode.swift; path = AutoWikiBrowserUITests.swift; sourceTree = "<group>"; };
		379970CD1E5AF6BE0086B3D9 /* Info.plist */ = {isa = PBXFileReference; lastKnownFileType = text.plist.xml; path = Info.plist; sourceTree = "<group>"; };
		379970DB1E5B53060086B3D9 /* MainWindowController.swift */ = {isa = PBXFileReference; fileEncoding = 4; lastKnownFileType = sourcecode.swift; path = MainWindowController.swift; sourceTree = "<group>"; };
		379970DD1E5B60280086B3D9 /* MWWebView.swift */ = {isa = PBXFileReference; fileEncoding = 4; lastKnownFileType = sourcecode.swift; path = MWWebView.swift; sourceTree = "<group>"; };
		37D542FC1E5D564D002218A1 /* MainContainer.storyboard */ = {isa = PBXFileReference; fileEncoding = 4; lastKnownFileType = file.storyboard; path = MainContainer.storyboard; sourceTree = "<group>"; };
		37D5433D1E5DA7FF002218A1 /* iWiki.xcodeproj */ = {isa = PBXFileReference; lastKnownFileType = "wrapper.pb-project"; name = iWiki.xcodeproj; path = iWiki/iWiki.xcodeproj; sourceTree = "<group>"; };
/* End PBXFileReference section */

/* Begin PBXFrameworksBuildPhase section */
		379970A81E5AF6BE0086B3D9 /* Frameworks */ = {
			isa = PBXFrameworksBuildPhase;
			buildActionMask = 2147483647;
			files = (
				37D543551E5DACDE002218A1 /* iWiki.framework in Frameworks */,
			);
			runOnlyForDeploymentPostprocessing = 0;
		};
		379970B91E5AF6BE0086B3D9 /* Frameworks */ = {
			isa = PBXFrameworksBuildPhase;
			buildActionMask = 2147483647;
			files = (
			);
			runOnlyForDeploymentPostprocessing = 0;
		};
		379970C41E5AF6BE0086B3D9 /* Frameworks */ = {
			isa = PBXFrameworksBuildPhase;
			buildActionMask = 2147483647;
			files = (
			);
			runOnlyForDeploymentPostprocessing = 0;
		};
/* End PBXFrameworksBuildPhase section */

/* Begin PBXGroup section */
		379970A21E5AF6BE0086B3D9 = {
			isa = PBXGroup;
			children = (
				37D5433D1E5DA7FF002218A1 /* iWiki.xcodeproj */,
				379970AD1E5AF6BE0086B3D9 /* AutoWikiBrowser */,
				379970BF1E5AF6BE0086B3D9 /* AutoWikiBrowserTests */,
				379970CA1E5AF6BE0086B3D9 /* AutoWikiBrowserUITests */,
				379970AC1E5AF6BE0086B3D9 /* Products */,
			);
			sourceTree = "<group>";
		};
		379970AC1E5AF6BE0086B3D9 /* Products */ = {
			isa = PBXGroup;
			children = (
				379970AB1E5AF6BE0086B3D9 /* AutoWikiBrowser.app */,
				379970BC1E5AF6BE0086B3D9 /* AutoWikiBrowserTests.xctest */,
				379970C71E5AF6BE0086B3D9 /* AutoWikiBrowserUITests.xctest */,
			);
			name = Products;
			sourceTree = "<group>";
		};
		379970AD1E5AF6BE0086B3D9 /* AutoWikiBrowser */ = {
			isa = PBXGroup;
			children = (
				379970AE1E5AF6BE0086B3D9 /* AppDelegate.swift */,
				379970B01E5AF6BE0086B3D9 /* ViewController.swift */,
				379970DD1E5B60280086B3D9 /* MWWebView.swift */,
				379970B21E5AF6BE0086B3D9 /* Assets.xcassets */,
				379970B41E5AF6BE0086B3D9 /* Main.storyboard */,
				37D542FC1E5D564D002218A1 /* MainContainer.storyboard */,
				379970B71E5AF6BE0086B3D9 /* Info.plist */,
				379970DB1E5B53060086B3D9 /* MainWindowController.swift */,
				3773393F1E5C713200426E14 /* MainContainer.swift */,
			);
			path = AutoWikiBrowser;
			sourceTree = "<group>";
		};
		379970BF1E5AF6BE0086B3D9 /* AutoWikiBrowserTests */ = {
			isa = PBXGroup;
			children = (
				379970C01E5AF6BE0086B3D9 /* AutoWikiBrowserTests.swift */,
				379970C21E5AF6BE0086B3D9 /* Info.plist */,
			);
			path = AutoWikiBrowserTests;
			sourceTree = "<group>";
		};
		379970CA1E5AF6BE0086B3D9 /* AutoWikiBrowserUITests */ = {
			isa = PBXGroup;
			children = (
				379970CB1E5AF6BE0086B3D9 /* AutoWikiBrowserUITests.swift */,
				379970CD1E5AF6BE0086B3D9 /* Info.plist */,
			);
			path = AutoWikiBrowserUITests;
			sourceTree = "<group>";
		};
		37D5433E1E5DA7FF002218A1 /* Products */ = {
			isa = PBXGroup;
			children = (
				37D543431E5DA800002218A1 /* iWiki.framework */,
				37D543451E5DA800002218A1 /* iWikiTests.xctest */,
			);
			name = Products;
			sourceTree = "<group>";
		};
/* End PBXGroup section */

/* Begin PBXNativeTarget section */
		379970AA1E5AF6BE0086B3D9 /* AutoWikiBrowser */ = {
			isa = PBXNativeTarget;
			buildConfigurationList = 379970D01E5AF6BE0086B3D9 /* Build configuration list for PBXNativeTarget "AutoWikiBrowser" */;
			buildPhases = (
				379970A71E5AF6BE0086B3D9 /* Sources */,
				379970A81E5AF6BE0086B3D9 /* Frameworks */,
				379970A91E5AF6BE0086B3D9 /* Resources */,
				37D543591E5DACDE002218A1 /* Embed Frameworks */,
			);
			buildRules = (
			);
			dependencies = (
				37D543581E5DACDE002218A1 /* PBXTargetDependency */,
			);
			name = AutoWikiBrowser;
			productName = AutoWikiBrowser;
			productReference = 379970AB1E5AF6BE0086B3D9 /* AutoWikiBrowser.app */;
			productType = "com.apple.product-type.application";
		};
		379970BB1E5AF6BE0086B3D9 /* AutoWikiBrowserTests */ = {
			isa = PBXNativeTarget;
			buildConfigurationList = 379970D31E5AF6BE0086B3D9 /* Build configuration list for PBXNativeTarget "AutoWikiBrowserTests" */;
			buildPhases = (
				379970B81E5AF6BE0086B3D9 /* Sources */,
				379970B91E5AF6BE0086B3D9 /* Frameworks */,
				379970BA1E5AF6BE0086B3D9 /* Resources */,
			);
			buildRules = (
			);
			dependencies = (
				379970BE1E5AF6BE0086B3D9 /* PBXTargetDependency */,
			);
			name = AutoWikiBrowserTests;
			productName = AutoWikiBrowserTests;
			productReference = 379970BC1E5AF6BE0086B3D9 /* AutoWikiBrowserTests.xctest */;
			productType = "com.apple.product-type.bundle.unit-test";
		};
		379970C61E5AF6BE0086B3D9 /* AutoWikiBrowserUITests */ = {
			isa = PBXNativeTarget;
			buildConfigurationList = 379970D61E5AF6BE0086B3D9 /* Build configuration list for PBXNativeTarget "AutoWikiBrowserUITests" */;
			buildPhases = (
				379970C31E5AF6BE0086B3D9 /* Sources */,
				379970C41E5AF6BE0086B3D9 /* Frameworks */,
				379970C51E5AF6BE0086B3D9 /* Resources */,
			);
			buildRules = (
			);
			dependencies = (
				379970C91E5AF6BE0086B3D9 /* PBXTargetDependency */,
			);
			name = AutoWikiBrowserUITests;
			productName = AutoWikiBrowserUITests;
			productReference = 379970C71E5AF6BE0086B3D9 /* AutoWikiBrowserUITests.xctest */;
			productType = "com.apple.product-type.bundle.ui-testing";
		};
/* End PBXNativeTarget section */

/* Begin PBXProject section */
		379970A31E5AF6BE0086B3D9 /* Project object */ = {
			isa = PBXProject;
			attributes = {
				LastSwiftUpdateCheck = 0820;
				LastUpgradeCheck = 0820;
				ORGANIZATIONNAME = "Daniel Price";
				TargetAttributes = {
					379970AA1E5AF6BE0086B3D9 = {
						CreatedOnToolsVersion = 8.2.1;
						DevelopmentTeam = KTC4CKXCX9;
						ProvisioningStyle = Automatic;
					};
					379970BB1E5AF6BE0086B3D9 = {
						CreatedOnToolsVersion = 8.2.1;
						DevelopmentTeam = KTC4CKXCX9;
						ProvisioningStyle = Automatic;
						TestTargetID = 379970AA1E5AF6BE0086B3D9;
					};
					379970C61E5AF6BE0086B3D9 = {
						CreatedOnToolsVersion = 8.2.1;
						DevelopmentTeam = KTC4CKXCX9;
						ProvisioningStyle = Automatic;
						TestTargetID = 379970AA1E5AF6BE0086B3D9;
					};
				};
			};
			buildConfigurationList = 379970A61E5AF6BE0086B3D9 /* Build configuration list for PBXProject "AutoWikiBrowser" */;
			compatibilityVersion = "Xcode 3.2";
			developmentRegion = English;
			hasScannedForEncodings = 0;
			knownRegions = (
				en,
				Base,
			);
			mainGroup = 379970A21E5AF6BE0086B3D9;
			productRefGroup = 379970AC1E5AF6BE0086B3D9 /* Products */;
			projectDirPath = "";
			projectReferences = (
				{
					ProductGroup = 37D5433E1E5DA7FF002218A1 /* Products */;
					ProjectRef = 37D5433D1E5DA7FF002218A1 /* iWiki.xcodeproj */;
				},
			);
			projectRoot = "";
			targets = (
				379970AA1E5AF6BE0086B3D9 /* AutoWikiBrowser */,
				379970BB1E5AF6BE0086B3D9 /* AutoWikiBrowserTests */,
				379970C61E5AF6BE0086B3D9 /* AutoWikiBrowserUITests */,
			);
		};
/* End PBXProject section */

/* Begin PBXReferenceProxy section */
		37D543431E5DA800002218A1 /* iWiki.framework */ = {
			isa = PBXReferenceProxy;
			fileType = wrapper.framework;
			path = iWiki.framework;
			remoteRef = 37D543421E5DA800002218A1 /* PBXContainerItemProxy */;
			sourceTree = BUILT_PRODUCTS_DIR;
		};
		37D543451E5DA800002218A1 /* iWikiTests.xctest */ = {
			isa = PBXReferenceProxy;
			fileType = wrapper.cfbundle;
			path = iWikiTests.xctest;
			remoteRef = 37D543441E5DA800002218A1 /* PBXContainerItemProxy */;
			sourceTree = BUILT_PRODUCTS_DIR;
		};
/* End PBXReferenceProxy section */

/* Begin PBXResourcesBuildPhase section */
		379970A91E5AF6BE0086B3D9 /* Resources */ = {
			isa = PBXResourcesBuildPhase;
			buildActionMask = 2147483647;
			files = (
				379970B31E5AF6BE0086B3D9 /* Assets.xcassets in Resources */,
				379970B61E5AF6BE0086B3D9 /* Main.storyboard in Resources */,
				37D542FD1E5D564D002218A1 /* MainContainer.storyboard in Resources */,
			);
			runOnlyForDeploymentPostprocessing = 0;
		};
		379970BA1E5AF6BE0086B3D9 /* Resources */ = {
			isa = PBXResourcesBuildPhase;
			buildActionMask = 2147483647;
			files = (
			);
			runOnlyForDeploymentPostprocessing = 0;
		};
		379970C51E5AF6BE0086B3D9 /* Resources */ = {
			isa = PBXResourcesBuildPhase;
			buildActionMask = 2147483647;
			files = (
			);
			runOnlyForDeploymentPostprocessing = 0;
		};
/* End PBXResourcesBuildPhase section */

/* Begin PBXSourcesBuildPhase section */
		379970A71E5AF6BE0086B3D9 /* Sources */ = {
			isa = PBXSourcesBuildPhase;
			buildActionMask = 2147483647;
			files = (
				379970DE1E5B60280086B3D9 /* MWWebView.swift in Sources */,
				379970DC1E5B53060086B3D9 /* MainWindowController.swift in Sources */,
				379970B11E5AF6BE0086B3D9 /* ViewController.swift in Sources */,
				377339401E5C713200426E14 /* MainContainer.swift in Sources */,
				379970AF1E5AF6BE0086B3D9 /* AppDelegate.swift in Sources */,
			);
			runOnlyForDeploymentPostprocessing = 0;
		};
		379970B81E5AF6BE0086B3D9 /* Sources */ = {
			isa = PBXSourcesBuildPhase;
			buildActionMask = 2147483647;
			files = (
				379970C11E5AF6BE0086B3D9 /* AutoWikiBrowserTests.swift in Sources */,
			);
			runOnlyForDeploymentPostprocessing = 0;
		};
		379970C31E5AF6BE0086B3D9 /* Sources */ = {
			isa = PBXSourcesBuildPhase;
			buildActionMask = 2147483647;
			files = (
				379970CC1E5AF6BE0086B3D9 /* AutoWikiBrowserUITests.swift in Sources */,
			);
			runOnlyForDeploymentPostprocessing = 0;
		};
/* End PBXSourcesBuildPhase section */

/* Begin PBXTargetDependency section */
		379970BE1E5AF6BE0086B3D9 /* PBXTargetDependency */ = {
			isa = PBXTargetDependency;
			target = 379970AA1E5AF6BE0086B3D9 /* AutoWikiBrowser */;
			targetProxy = 379970BD1E5AF6BE0086B3D9 /* PBXContainerItemProxy */;
		};
		379970C91E5AF6BE0086B3D9 /* PBXTargetDependency */ = {
			isa = PBXTargetDependency;
			target = 379970AA1E5AF6BE0086B3D9 /* AutoWikiBrowser */;
			targetProxy = 379970C81E5AF6BE0086B3D9 /* PBXContainerItemProxy */;
		};
		37D543581E5DACDE002218A1 /* PBXTargetDependency */ = {
			isa = PBXTargetDependency;
			name = iWiki;
			targetProxy = 37D543571E5DACDE002218A1 /* PBXContainerItemProxy */;
		};
/* End PBXTargetDependency section */

/* Begin PBXVariantGroup section */
		379970B41E5AF6BE0086B3D9 /* Main.storyboard */ = {
			isa = PBXVariantGroup;
			children = (
				379970B51E5AF6BE0086B3D9 /* Base */,
			);
			name = Main.storyboard;
			sourceTree = "<group>";
		};
/* End PBXVariantGroup section */

/* Begin XCBuildConfiguration section */
		379970CE1E5AF6BE0086B3D9 /* Debug */ = {
			isa = XCBuildConfiguration;
			buildSettings = {
				ALWAYS_SEARCH_USER_PATHS = NO;
				CLANG_ANALYZER_NONNULL = YES;
				CLANG_CXX_LANGUAGE_STANDARD = "gnu++0x";
				CLANG_CXX_LIBRARY = "libc++";
				CLANG_ENABLE_MODULES = YES;
				CLANG_ENABLE_OBJC_ARC = YES;
				CLANG_WARN_BOOL_CONVERSION = YES;
				CLANG_WARN_CONSTANT_CONVERSION = YES;
				CLANG_WARN_DIRECT_OBJC_ISA_USAGE = YES_ERROR;
				CLANG_WARN_DOCUMENTATION_COMMENTS = YES;
				CLANG_WARN_EMPTY_BODY = YES;
				CLANG_WARN_ENUM_CONVERSION = YES;
				CLANG_WARN_INFINITE_RECURSION = YES;
				CLANG_WARN_INT_CONVERSION = YES;
				CLANG_WARN_OBJC_ROOT_CLASS = YES_ERROR;
				CLANG_WARN_SUSPICIOUS_MOVE = YES;
				CLANG_WARN_UNREACHABLE_CODE = YES;
				CLANG_WARN__DUPLICATE_METHOD_MATCH = YES;
				CODE_SIGN_IDENTITY = "-";
				COPY_PHASE_STRIP = NO;
				DEBUG_INFORMATION_FORMAT = dwarf;
				ENABLE_STRICT_OBJC_MSGSEND = YES;
				ENABLE_TESTABILITY = YES;
				GCC_C_LANGUAGE_STANDARD = gnu99;
				GCC_DYNAMIC_NO_PIC = NO;
				GCC_NO_COMMON_BLOCKS = YES;
				GCC_OPTIMIZATION_LEVEL = 0;
				GCC_PREPROCESSOR_DEFINITIONS = (
					"DEBUG=1",
					"$(inherited)",
				);
				GCC_WARN_64_TO_32_BIT_CONVERSION = YES;
				GCC_WARN_ABOUT_RETURN_TYPE = YES_ERROR;
				GCC_WARN_UNDECLARED_SELECTOR = YES;
				GCC_WARN_UNINITIALIZED_AUTOS = YES_AGGRESSIVE;
				GCC_WARN_UNUSED_FUNCTION = YES;
				GCC_WARN_UNUSED_VARIABLE = YES;
				MACOSX_DEPLOYMENT_TARGET = 10.12;
				MTL_ENABLE_DEBUG_INFO = YES;
				ONLY_ACTIVE_ARCH = YES;
				SDKROOT = macosx;
				SWIFT_ACTIVE_COMPILATION_CONDITIONS = DEBUG;
				SWIFT_OPTIMIZATION_LEVEL = "-Onone";
			};
			name = Debug;
		};
		379970CF1E5AF6BE0086B3D9 /* Release */ = {
			isa = XCBuildConfiguration;
			buildSettings = {
				ALWAYS_SEARCH_USER_PATHS = NO;
				CLANG_ANALYZER_NONNULL = YES;
				CLANG_CXX_LANGUAGE_STANDARD = "gnu++0x";
				CLANG_CXX_LIBRARY = "libc++";
				CLANG_ENABLE_MODULES = YES;
				CLANG_ENABLE_OBJC_ARC = YES;
				CLANG_WARN_BOOL_CONVERSION = YES;
				CLANG_WARN_CONSTANT_CONVERSION = YES;
				CLANG_WARN_DIRECT_OBJC_ISA_USAGE = YES_ERROR;
				CLANG_WARN_DOCUMENTATION_COMMENTS = YES;
				CLANG_WARN_EMPTY_BODY = YES;
				CLANG_WARN_ENUM_CONVERSION = YES;
				CLANG_WARN_INFINITE_RECURSION = YES;
				CLANG_WARN_INT_CONVERSION = YES;
				CLANG_WARN_OBJC_ROOT_CLASS = YES_ERROR;
				CLANG_WARN_SUSPICIOUS_MOVE = YES;
				CLANG_WARN_UNREACHABLE_CODE = YES;
				CLANG_WARN__DUPLICATE_METHOD_MATCH = YES;
				CODE_SIGN_IDENTITY = "-";
				COPY_PHASE_STRIP = NO;
				DEBUG_INFORMATION_FORMAT = "dwarf-with-dsym";
				ENABLE_NS_ASSERTIONS = NO;
				ENABLE_STRICT_OBJC_MSGSEND = YES;
				GCC_C_LANGUAGE_STANDARD = gnu99;
				GCC_NO_COMMON_BLOCKS = YES;
				GCC_WARN_64_TO_32_BIT_CONVERSION = YES;
				GCC_WARN_ABOUT_RETURN_TYPE = YES_ERROR;
				GCC_WARN_UNDECLARED_SELECTOR = YES;
				GCC_WARN_UNINITIALIZED_AUTOS = YES_AGGRESSIVE;
				GCC_WARN_UNUSED_FUNCTION = YES;
				GCC_WARN_UNUSED_VARIABLE = YES;
				MACOSX_DEPLOYMENT_TARGET = 10.12;
				MTL_ENABLE_DEBUG_INFO = NO;
				SDKROOT = macosx;
				SWIFT_OPTIMIZATION_LEVEL = "-Owholemodule";
			};
			name = Release;
		};
		379970D11E5AF6BE0086B3D9 /* Debug */ = {
			isa = XCBuildConfiguration;
			buildSettings = {
				ALWAYS_EMBED_SWIFT_STANDARD_LIBRARIES = YES;
				ASSETCATALOG_COMPILER_APPICON_NAME = AppIcon;
				COMBINE_HIDPI_IMAGES = YES;
				DEVELOPMENT_TEAM = KTC4CKXCX9;
				INFOPLIST_FILE = AutoWikiBrowser/Info.plist;
				LD_RUNPATH_SEARCH_PATHS = "$(inherited) @executable_path/../Frameworks";
				PRODUCT_BUNDLE_IDENTIFIER = DLP.AutoWikiBrowser;
				PRODUCT_NAME = "$(TARGET_NAME)";
				SWIFT_VERSION = 3.0;
			};
			name = Debug;
		};
		379970D21E5AF6BE0086B3D9 /* Release */ = {
			isa = XCBuildConfiguration;
			buildSettings = {
				ALWAYS_EMBED_SWIFT_STANDARD_LIBRARIES = YES;
				ASSETCATALOG_COMPILER_APPICON_NAME = AppIcon;
				COMBINE_HIDPI_IMAGES = YES;
				DEVELOPMENT_TEAM = KTC4CKXCX9;
				INFOPLIST_FILE = AutoWikiBrowser/Info.plist;
				LD_RUNPATH_SEARCH_PATHS = "$(inherited) @executable_path/../Frameworks";
				PRODUCT_BUNDLE_IDENTIFIER = DLP.AutoWikiBrowser;
				PRODUCT_NAME = "$(TARGET_NAME)";
				SWIFT_VERSION = 3.0;
			};
			name = Release;
		};
		379970D41E5AF6BE0086B3D9 /* Debug */ = {
			isa = XCBuildConfiguration;
			buildSettings = {
				ALWAYS_EMBED_SWIFT_STANDARD_LIBRARIES = YES;
				BUNDLE_LOADER = "$(TEST_HOST)";
				COMBINE_HIDPI_IMAGES = YES;
				DEVELOPMENT_TEAM = KTC4CKXCX9;
				INFOPLIST_FILE = AutoWikiBrowserTests/Info.plist;
				LD_RUNPATH_SEARCH_PATHS = "$(inherited) @executable_path/../Frameworks @loader_path/../Frameworks";
				PRODUCT_BUNDLE_IDENTIFIER = DLP.AutoWikiBrowserTests;
				PRODUCT_NAME = "$(TARGET_NAME)";
				SWIFT_VERSION = 3.0;
				TEST_HOST = "$(BUILT_PRODUCTS_DIR)/AutoWikiBrowser.app/Contents/MacOS/AutoWikiBrowser";
			};
			name = Debug;
		};
		379970D51E5AF6BE0086B3D9 /* Release */ = {
			isa = XCBuildConfiguration;
			buildSettings = {
				ALWAYS_EMBED_SWIFT_STANDARD_LIBRARIES = YES;
				BUNDLE_LOADER = "$(TEST_HOST)";
				COMBINE_HIDPI_IMAGES = YES;
				DEVELOPMENT_TEAM = KTC4CKXCX9;
				INFOPLIST_FILE = AutoWikiBrowserTests/Info.plist;
				LD_RUNPATH_SEARCH_PATHS = "$(inherited) @executable_path/../Frameworks @loader_path/../Frameworks";
				PRODUCT_BUNDLE_IDENTIFIER = DLP.AutoWikiBrowserTests;
				PRODUCT_NAME = "$(TARGET_NAME)";
				SWIFT_VERSION = 3.0;
				TEST_HOST = "$(BUILT_PRODUCTS_DIR)/AutoWikiBrowser.app/Contents/MacOS/AutoWikiBrowser";
			};
			name = Release;
		};
		379970D71E5AF6BE0086B3D9 /* Debug */ = {
			isa = XCBuildConfiguration;
			buildSettings = {
				ALWAYS_EMBED_SWIFT_STANDARD_LIBRARIES = YES;
				COMBINE_HIDPI_IMAGES = YES;
				DEVELOPMENT_TEAM = KTC4CKXCX9;
				INFOPLIST_FILE = AutoWikiBrowserUITests/Info.plist;
				LD_RUNPATH_SEARCH_PATHS = "$(inherited) @executable_path/../Frameworks @loader_path/../Frameworks";
				PRODUCT_BUNDLE_IDENTIFIER = DLP.AutoWikiBrowserUITests;
				PRODUCT_NAME = "$(TARGET_NAME)";
				SWIFT_VERSION = 3.0;
				TEST_TARGET_NAME = AutoWikiBrowser;
			};
			name = Debug;
		};
		379970D81E5AF6BE0086B3D9 /* Release */ = {
			isa = XCBuildConfiguration;
			buildSettings = {
				ALWAYS_EMBED_SWIFT_STANDARD_LIBRARIES = YES;
				COMBINE_HIDPI_IMAGES = YES;
				DEVELOPMENT_TEAM = KTC4CKXCX9;
				INFOPLIST_FILE = AutoWikiBrowserUITests/Info.plist;
				LD_RUNPATH_SEARCH_PATHS = "$(inherited) @executable_path/../Frameworks @loader_path/../Frameworks";
				PRODUCT_BUNDLE_IDENTIFIER = DLP.AutoWikiBrowserUITests;
				PRODUCT_NAME = "$(TARGET_NAME)";
				SWIFT_VERSION = 3.0;
				TEST_TARGET_NAME = AutoWikiBrowser;
			};
			name = Release;
		};
/* End XCBuildConfiguration section */

/* Begin XCConfigurationList section */
		379970A61E5AF6BE0086B3D9 /* Build configuration list for PBXProject "AutoWikiBrowser" */ = {
			isa = XCConfigurationList;
			buildConfigurations = (
				379970CE1E5AF6BE0086B3D9 /* Debug */,
				379970CF1E5AF6BE0086B3D9 /* Release */,
			);
			defaultConfigurationIsVisible = 0;
			defaultConfigurationName = Release;
		};
		379970D01E5AF6BE0086B3D9 /* Build configuration list for PBXNativeTarget "AutoWikiBrowser" */ = {
			isa = XCConfigurationList;
			buildConfigurations = (
				379970D11E5AF6BE0086B3D9 /* Debug */,
				379970D21E5AF6BE0086B3D9 /* Release */,
			);
			defaultConfigurationIsVisible = 0;
			defaultConfigurationName = Release;
		};
		379970D31E5AF6BE0086B3D9 /* Build configuration list for PBXNativeTarget "AutoWikiBrowserTests" */ = {
			isa = XCConfigurationList;
			buildConfigurations = (
				379970D41E5AF6BE0086B3D9 /* Debug */,
				379970D51E5AF6BE0086B3D9 /* Release */,
			);
			defaultConfigurationIsVisible = 0;
			defaultConfigurationName = Release;
		};
		379970D61E5AF6BE0086B3D9 /* Build configuration list for PBXNativeTarget "AutoWikiBrowserUITests" */ = {
			isa = XCConfigurationList;
			buildConfigurations = (
				379970D71E5AF6BE0086B3D9 /* Debug */,
				379970D81E5AF6BE0086B3D9 /* Release */,
			);
			defaultConfigurationIsVisible = 0;
			defaultConfigurationName = Release;
		};
/* End XCConfigurationList section */
	};
	rootObject = 379970A31E5AF6BE0086B3D9 /* Project object */;
}
